{
  "requires": true,
  "lockfileVersion": 1,
  "dependencies": {
    "bootstrap": {
      "version": "4.4.1",
      "resolved": "https://registry.npmjs.org/bootstrap/-/bootstrap-4.4.1.tgz",
      "integrity": "sha512-tbx5cHubwE6e2ZG7nqM3g/FZ5PQEDMWmMGNrCUBVRPHXTJaH7CBDdsLeu3eCh3B1tzAxTnAbtmrzvWEvT2NNEA=="
    },
    "weather-icons": {
      "version": "git+https://github.com/erikflowers/weather-icons.git#a3829ccaa025d59ffbff5712f8313eb48a3ee17d",
      "from": "git+https://github.com/erikflowers/weather-icons.git"
    }
  }
}
